// !$*UTF8*$!
{
	archiveVersion = 1;
	classes = {
	};
	objectVersion = 56;
	objects = {

/* Begin PBXBuildFile section */
		901FB3FE2B16231100EE8FFB /* AppDelegate.swift in Sources */ = {isa = PBXBuildFile; fileRef = 901FB3FD2B16231100EE8FFB /* AppDelegate.swift */; };
		901FB4002B16231100EE8FFB /* SceneDelegate.swift in Sources */ = {isa = PBXBuildFile; fileRef = 901FB3FF2B16231100EE8FFB /* SceneDelegate.swift */; };
		901FB4052B16231100EE8FFB /* Main.storyboard in Resources */ = {isa = PBXBuildFile; fileRef = 901FB4032B16231100EE8FFB /* Main.storyboard */; };
		901FB4072B16231300EE8FFB /* Assets.xcassets in Resources */ = {isa = PBXBuildFile; fileRef = 901FB4062B16231300EE8FFB /* Assets.xcassets */; };
		901FB40A2B16231300EE8FFB /* LaunchScreen.storyboard in Resources */ = {isa = PBXBuildFile; fileRef = 901FB4082B16231300EE8FFB /* LaunchScreen.storyboard */; };
		90AF532F2B186891002FBAC4 /* ViewController.swift in Sources */ = {isa = PBXBuildFile; fileRef = 90AF532E2B186891002FBAC4 /* ViewController.swift */; };
		90AF53332B187187002FBAC4 /* student.json in Resources */ = {isa = PBXBuildFile; fileRef = 90AF53322B187187002FBAC4 /* student.json */; };
		90AF53352B18719A002FBAC4 /* Student.swift in Sources */ = {isa = PBXBuildFile; fileRef = 90AF53342B18719A002FBAC4 /* Student.swift */; };
		90F4DB5A2B187F61005D6820 /* StudentViewController.swift in Sources */ = {isa = PBXBuildFile; fileRef = 90F4DB592B187F61005D6820 /* StudentViewController.swift */; };
/* End PBXBuildFile section */

/* Begin PBXFileReference section */
		901FB3FA2B16231100EE8FFB /* Student List.app */ = {isa = PBXFileReference; explicitFileType = wrapper.application; includeInIndex = 0; path = "Student List.app"; sourceTree = BUILT_PRODUCTS_DIR; };
		901FB3FD2B16231100EE8FFB /* AppDelegate.swift */ = {isa = PBXFileReference; lastKnownFileType = sourcecode.swift; path = AppDelegate.swift; sourceTree = "<group>"; };
		901FB3FF2B16231100EE8FFB /* SceneDelegate.swift */ = {isa = PBXFileReference; lastKnownFileType = sourcecode.swift; path = SceneDelegate.swift; sourceTree = "<group>"; };
		901FB4042B16231100EE8FFB /* Base */ = {isa = PBXFileReference; lastKnownFileType = file.storyboard; name = Base; path = Base.lproj/Main.storyboard; sourceTree = "<group>"; };
		901FB4062B16231300EE8FFB /* Assets.xcassets */ = {isa = PBXFileReference; lastKnownFileType = folder.assetcatalog; path = Assets.xcassets; sourceTree = "<group>"; };
		901FB4092B16231300EE8FFB /* Base */ = {isa = PBXFileReference; lastKnownFileType = file.storyboard; name = Base; path = Base.lproj/LaunchScreen.storyboard; sourceTree = "<group>"; };
		901FB40B2B16231300EE8FFB /* Info.plist */ = {isa = PBXFileReference; lastKnownFileType = text.plist.xml; path = Info.plist; sourceTree = "<group>"; };
		90AF532E2B186891002FBAC4 /* ViewController.swift */ = {isa = PBXFileReference; lastKnownFileType = sourcecode.swift; path = ViewController.swift; sourceTree = "<group>"; };
		90AF53322B187187002FBAC4 /* student.json */ = {isa = PBXFileReference; fileEncoding = 4; lastKnownFileType = text.json; path = student.json; sourceTree = "<group>"; };
		90AF53342B18719A002FBAC4 /* Student.swift */ = {isa = PBXFileReference; lastKnownFileType = sourcecode.swift; path = Student.swift; sourceTree = "<group>"; };
		90F4DB592B187F61005D6820 /* StudentViewController.swift */ = {isa = PBXFileReference; lastKnownFileType = sourcecode.swift; path = StudentViewController.swift; sourceTree = "<group>"; };
/* End PBXFileReference section */

/* Begin PBXFrameworksBuildPhase section */
		901FB3F72B16231100EE8FFB /* Frameworks */ = {
			isa = PBXFrameworksBuildPhase;
			buildActionMask = 2147483647;
			files = (
			);
			runOnlyForDeploymentPostprocessing = 0;
		};
/* End PBXFrameworksBuildPhase section */

/* Begin PBXGroup section */
		901FB3F12B16231100EE8FFB = {
			isa = PBXGroup;
			children = (
				901FB3FC2B16231100EE8FFB /* Student List */,
				901FB3FB2B16231100EE8FFB /* Products */,
			);
			sourceTree = "<group>";
		};
		901FB3FB2B16231100EE8FFB /* Products */ = {
			isa = PBXGroup;
			children = (
				901FB3FA2B16231100EE8FFB /* Student List.app */,
			);
			name = Products;
			sourceTree = "<group>";
		};
		901FB3FC2B16231100EE8FFB /* Student List */ = {
			isa = PBXGroup;
			children = (
				901FB4112B162EEC00EE8FFB /* Model */,
				901FB4122B162EF000EE8FFB /* View */,
				901FB4132B162EF400EE8FFB /* Controller */,
				901FB3FD2B16231100EE8FFB /* AppDelegate.swift */,
				901FB3FF2B16231100EE8FFB /* SceneDelegate.swift */,
				90AF53322B187187002FBAC4 /* student.json */,
				901FB4062B16231300EE8FFB /* Assets.xcassets */,
				901FB4082B16231300EE8FFB /* LaunchScreen.storyboard */,
				901FB40B2B16231300EE8FFB /* Info.plist */,
			);
			path = "Student List";
			sourceTree = "<group>";
		};
		901FB4112B162EEC00EE8FFB /* Model */ = {
			isa = PBXGroup;
			children = (
				90AF53342B18719A002FBAC4 /* Student.swift */,
			);
			path = Model;
			sourceTree = "<group>";
		};
		901FB4122B162EF000EE8FFB /* View */ = {
			isa = PBXGroup;
			children = (
				901FB4032B16231100EE8FFB /* Main.storyboard */,
			);
			path = View;
			sourceTree = "<group>";
		};
		901FB4132B162EF400EE8FFB /* Controller */ = {
			isa = PBXGroup;
			children = (
				90AF532E2B186891002FBAC4 /* ViewController.swift */,
				90F4DB592B187F61005D6820 /* StudentViewController.swift */,
			);
			path = Controller;
			sourceTree = "<group>";
		};
/* End PBXGroup section */

/* Begin PBXNativeTarget section */
		901FB3F92B16231100EE8FFB /* Student List */ = {
			isa = PBXNativeTarget;
			buildConfigurationList = 901FB40E2B16231300EE8FFB /* Build configuration list for PBXNativeTarget "Student List" */;
			buildPhases = (
				901FB3F62B16231100EE8FFB /* Sources */,
				901FB3F72B16231100EE8FFB /* Frameworks */,
				901FB3F82B16231100EE8FFB /* Resources */,
			);
			buildRules = (
			);
			dependencies = (
			);
			name = "Student List";
			productName = "Student List";
			productReference = 901FB3FA2B16231100EE8FFB /* Student List.app */;
			productType = "com.apple.product-type.application";
		};
/* End PBXNativeTarget section */

/* Begin PBXProject section */
		901FB3F22B16231100EE8FFB /* Project object */ = {
			isa = PBXProject;
			attributes = {
				BuildIndependentTargetsInParallel = 1;
				LastSwiftUpdateCheck = 1500;
				LastUpgradeCheck = 1500;
				TargetAttributes = {
					901FB3F92B16231100EE8FFB = {
						CreatedOnToolsVersion = 15.0.1;
					};
				};
			};
			buildConfigurationList = 901FB3F52B16231100EE8FFB /* Build configuration list for PBXProject "Student List" */;
			compatibilityVersion = "Xcode 14.0";
			developmentRegion = en;
			hasScannedForEncodings = 0;
			knownRegions = (
				en,
				Base,
			);
			mainGroup = 901FB3F12B16231100EE8FFB;
			productRefGroup = 901FB3FB2B16231100EE8FFB /* Products */;
			projectDirPath = "";
			projectRoot = "";
			targets = (
				901FB3F92B16231100EE8FFB /* Student List */,
			);
		};
/* End PBXProject section */

/* Begin PBXResourcesBuildPhase section */
		901FB3F82B16231100EE8FFB /* Resources */ = {
			isa = PBXResourcesBuildPhase;
			buildActionMask = 2147483647;
			files = (
				901FB40A2B16231300EE8FFB /* LaunchScreen.storyboard in Resources */,
				901FB4072B16231300EE8FFB /* Assets.xcassets in Resources */,
				901FB4052B16231100EE8FFB /* Main.storyboard in Resources */,
				90AF53332B187187002FBAC4 /* student.json in Resources */,
			);
			runOnlyForDeploymentPostprocessing = 0;
		};
/* End PBXResourcesBuildPhase section */

/* Begin PBXSourcesBuildPhase section */
		901FB3F62B16231100EE8FFB /* Sources */ = {
			isa = PBXSourcesBuildPhase;
			buildActionMask = 2147483647;
			files = (
				90F4DB5A2B187F61005D6820 /* StudentViewController.swift in Sources */,
				90AF532F2B186891002FBAC4 /* ViewController.swift in Sources */,
				901FB3FE2B16231100EE8FFB /* AppDelegate.swift in Sources */,
				90AF53352B18719A002FBAC4 /* Student.swift in Sources */,
				901FB4002B16231100EE8FFB /* SceneDelegate.swift in Sources */,
			);
			runOnlyForDeploymentPostprocessing = 0;
		};
/* End PBXSourcesBuildPhase section */

/* Begin PBXVariantGroup section */
		901FB4032B16231100EE8FFB /* Main.storyboard */ = {
			isa = PBXVariantGroup;
			children = (
				901FB4042B16231100EE8FFB /* Base */,
			);
			name = Main.storyboard;
			sourceTree = "<group>";
		};
		901FB4082B16231300EE8FFB /* LaunchScreen.storyboard */ = {
			isa = PBXVariantGroup;
			children = (
				901FB4092B16231300EE8FFB /* Base */,
			);
			name = LaunchScreen.storyboard;
			sourceTree = "<group>";
		};
/* End PBXVariantGroup section */

/* Begin XCBuildConfiguration section */
		901FB40C2B16231300EE8FFB /* Debug */ = {
			isa = XCBuildConfiguration;
			buildSettings = {
				ALWAYS_SEARCH_USER_PATHS = NO;
				ASSETCATALOG_COMPILER_GENERATE_SWIFT_ASSET_SYMBOL_EXTENSIONS = YES;
				CLANG_ANALYZER_NONNULL = YES;
				CLANG_ANALYZER_NUMBER_OBJECT_CONVERSION = YES_AGGRESSIVE;
				CLANG_CXX_LANGUAGE_STANDARD = "gnu++20";
				CLANG_ENABLE_MODULES = YES;
				CLANG_ENABLE_OBJC_ARC = YES;
				CLANG_ENABLE_OBJC_WEAK = YES;
				CLANG_WARN_BLOCK_CAPTURE_AUTORELEASING = YES;
				CLANG_WARN_BOOL_CONVERSION = YES;
				CLANG_WARN_COMMA = YES;
				CLANG_WARN_CONSTANT_CONVERSION = YES;
				CLANG_WARN_DEPRECATED_OBJC_IMPLEMENTATIONS = YES;
				CLANG_WARN_DIRECT_OBJC_ISA_USAGE = YES_ERROR;
				CLANG_WARN_DOCUMENTATION_COMMENTS = YES;
				CLANG_WARN_EMPTY_BODY = YES;
				CLANG_WARN_ENUM_CONVERSION = YES;
				CLANG_WARN_INFINITE_RECURSION = YES;
				CLANG_WARN_INT_CONVERSION = YES;
				CLANG_WARN_NON_LITERAL_NULL_CONVERSION = YES;
				CLANG_WARN_OBJC_IMPLICIT_RETAIN_SELF = YES;
				CLANG_WARN_OBJC_LITERAL_CONVERSION = YES;
				CLANG_WARN_OBJC_ROOT_CLASS = YES_ERROR;
				CLANG_WARN_QUOTED_INCLUDE_IN_FRAMEWORK_HEADER = YES;
				CLANG_WARN_RANGE_LOOP_ANALYSIS = YES;
				CLANG_WARN_STRICT_PROTOTYPES = YES;
				CLANG_WARN_SUSPICIOUS_MOVE = YES;
				CLANG_WARN_UNGUARDED_AVAILABILITY = YES_AGGRESSIVE;
				CLANG_WARN_UNREACHABLE_CODE = YES;
				CLANG_WARN__DUPLICATE_METHOD_MATCH = YES;
				COPY_PHASE_STRIP = NO;
				DEBUG_INFORMATION_FORMAT = dwarf;
				ENABLE_STRICT_OBJC_MSGSEND = YES;
				ENABLE_TESTABILITY = YES;
				ENABLE_USER_SCRIPT_SANDBOXING = YES;
				GCC_C_LANGUAGE_STANDARD = gnu17;
				GCC_DYNAMIC_NO_PIC = NO;
				GCC_NO_COMMON_BLOCKS = YES;
				GCC_OPTIMIZATION_LEVEL = 0;
				GCC_PREPROCESSOR_DEFINITIONS = (
					"DEBUG=1",
					"$(inherited)",
				);
				GCC_WARN_64_TO_32_BIT_CONVERSION = YES;
				GCC_WARN_ABOUT_RETURN_TYPE = YES_ERROR;
				GCC_WARN_UNDECLARED_SELECTOR = YES;
				GCC_WARN_UNINITIALIZED_AUTOS = YES_AGGRESSIVE;
				GCC_WARN_UNUSED_FUNCTION = YES;
				GCC_WARN_UNUSED_VARIABLE = YES;
				IPHONEOS_DEPLOYMENT_TARGET = 17.0;
				LOCALIZATION_PREFERS_STRING_CATALOGS = YES;
				MTL_ENABLE_DEBUG_INFO = INCLUDE_SOURCE;
				MTL_FAST_MATH = YES;
				ONLY_ACTIVE_ARCH = YES;
				SDKROOT = iphoneos;
				SWIFT_ACTIVE_COMPILATION_CONDITIONS = "DEBUG $(inherited)";
				SWIFT_OPTIMIZATION_LEVEL = "-Onone";
			};
			name = Debug;
		};
		901FB40D2B16231300EE8FFB /* Release */ = {
			isa = XCBuildConfiguration;
			buildSettings = {
				ALWAYS_SEARCH_USER_PATHS = NO;
				ASSETCATALOG_COMPILER_GENERATE_SWIFT_ASSET_SYMBOL_EXTENSIONS = YES;
				CLANG_ANALYZER_NONNULL = YES;
				CLANG_ANALYZER_NUMBER_OBJECT_CONVERSION = YES_AGGRESSIVE;
				CLANG_CXX_LANGUAGE_STANDARD = "gnu++20";
				CLANG_ENABLE_MODULES = YES;
				CLANG_ENABLE_OBJC_ARC = YES;
				CLANG_ENABLE_OBJC_WEAK = YES;
				CLANG_WARN_BLOCK_CAPTURE_AUTORELEASING = YES;
				CLANG_WARN_BOOL_CONVERSION = YES;
				CLANG_WARN_COMMA = YES;
				CLANG_WARN_CONSTANT_CONVERSION = YES;
				CLANG_WARN_DEPRECATED_OBJC_IMPLEMENTATIONS = YES;
				CLANG_WARN_DIRECT_OBJC_ISA_USAGE = YES_ERROR;
				CLANG_WARN_DOCUMENTATION_COMMENTS = YES;
				CLANG_WARN_EMPTY_BODY = YES;
				CLANG_WARN_ENUM_CONVERSION = YES;
				CLANG_WARN_INFINITE_RECURSION = YES;
				CLANG_WARN_INT_CONVERSION = YES;
				CLANG_WARN_NON_LITERAL_NULL_CONVERSION = YES;
				CLANG_WARN_OBJC_IMPLICIT_RETAIN_SELF = YES;
				CLANG_WARN_OBJC_LITERAL_CONVERSION = YES;
				CLANG_WARN_OBJC_ROOT_CLASS = YES_ERROR;
				CLANG_WARN_QUOTED_INCLUDE_IN_FRAMEWORK_HEADER = YES;
				CLANG_WARN_RANGE_LOOP_ANALYSIS = YES;
				CLANG_WARN_STRICT_PROTOTYPES = YES;
				CLANG_WARN_SUSPICIOUS_MOVE = YES;
				CLANG_WARN_UNGUARDED_AVAILABILITY = YES_AGGRESSIVE;
				CLANG_WARN_UNREACHABLE_CODE = YES;
				CLANG_WARN__DUPLICATE_METHOD_MATCH = YES;
				COPY_PHASE_STRIP = NO;
				DEBUG_INFORMATION_FORMAT = "dwarf-with-dsym";
				ENABLE_NS_ASSERTIONS = NO;
				ENABLE_STRICT_OBJC_MSGSEND = YES;
				ENABLE_USER_SCRIPT_SANDBOXING = YES;
				GCC_C_LANGUAGE_STANDARD = gnu17;
				GCC_NO_COMMON_BLOCKS = YES;
				GCC_WARN_64_TO_32_BIT_CONVERSION = YES;
				GCC_WARN_ABOUT_RETURN_TYPE = YES_ERROR;
				GCC_WARN_UNDECLARED_SELECTOR = YES;
				GCC_WARN_UNINITIALIZED_AUTOS = YES_AGGRESSIVE;
				GCC_WARN_UNUSED_FUNCTION = YES;
				GCC_WARN_UNUSED_VARIABLE = YES;
				IPHONEOS_DEPLOYMENT_TARGET = 17.0;
				LOCALIZATION_PREFERS_STRING_CATALOGS = YES;
				MTL_ENABLE_DEBUG_INFO = NO;
				MTL_FAST_MATH = YES;
				SDKROOT = iphoneos;
				SWIFT_COMPILATION_MODE = wholemodule;
				VALIDATE_PRODUCT = YES;
			};
			name = Release;
		};
		901FB40F2B16231300EE8FFB /* Debug */ = {
			isa = XCBuildConfiguration;
			buildSettings = {
				ASSETCATALOG_COMPILER_APPICON_NAME = AppIcon;
				ASSETCATALOG_COMPILER_GLOBAL_ACCENT_COLOR_NAME = AccentColor;
				ASSETCATALOG_COMPILER_INCLUDE_ALL_APPICON_ASSETS = NO;
				CODE_SIGN_STYLE = Automatic;
				CURRENT_PROJECT_VERSION = 1;
				DEVELOPMENT_TEAM = "";
				GENERATE_INFOPLIST_FILE = YES;
				INFOPLIST_FILE = "Student List/Info.plist";
				INFOPLIST_KEY_UIApplicationSupportsIndirectInputEvents = YES;
				INFOPLIST_KEY_UILaunchStoryboardName = LaunchScreen.storyboard;
				INFOPLIST_KEY_UIMainStoryboardFile = Main;
				INFOPLIST_KEY_UIStatusBarHidden = YES;
				INFOPLIST_KEY_UIStatusBarStyle = UIStatusBarStyleDarkContent;
				INFOPLIST_KEY_UISupportedInterfaceOrientations = UIInterfaceOrientationPortrait;
				INFOPLIST_KEY_UISupportedInterfaceOrientations_iPad = "UIInterfaceOrientationLandscapeLeft UIInterfaceOrientationLandscapeRight UIInterfaceOrientationPortrait UIInterfaceOrientationPortraitUpsideDown";
				IPHONEOS_DEPLOYMENT_TARGET = 16.0;
				LD_RUNPATH_SEARCH_PATHS = (
					"$(inherited)",
					"@executable_path/Frameworks",
				);
				MARKETING_VERSION = 1.0;
				PRODUCT_BUNDLE_IDENTIFIER = "stpimm.xyz.Student-List";
				PRODUCT_NAME = "$(TARGET_NAME)";
				SUPPORTED_PLATFORMS = "iphoneos iphonesimulator";
				SUPPORTS_MACCATALYST = NO;
				SUPPORTS_MAC_DESIGNED_FOR_IPHONE_IPAD = NO;
				SWIFT_EMIT_LOC_STRINGS = YES;
				SWIFT_VERSION = 5.0;
				TARGETED_DEVICE_FAMILY = 1;
			};
			name = Debug;
		};
		901FB4102B16231300EE8FFB /* Release */ = {
			isa = XCBuildConfiguration;
			buildSettings = {
				ASSETCATALOG_COMPILER_APPICON_NAME = AppIcon;
				ASSETCATALOG_COMPILER_GLOBAL_ACCENT_COLOR_NAME = AccentColor;
				ASSETCATALOG_COMPILER_INCLUDE_ALL_APPICON_ASSETS = NO;
				CODE_SIGN_STYLE = Automatic;
				CURRENT_PROJECT_VERSION = 1;
				DEVELOPMENT_TEAM = "";
				GENERATE_INFOPLIST_FILE = YES;
				INFOPLIST_FILE = "Student List/Info.plist";
				INFOPLIST_KEY_UIApplicationSupportsIndirectInputEvents = YES;
				INFOPLIST_KEY_UILaunchStoryboardName = LaunchScreen.storyboard;
				INFOPLIST_KEY_UIMainStoryboardFile = Main;
				INFOPLIST_KEY_UIStatusBarHidden = YES;
				INFOPLIST_KEY_UIStatusBarStyle = UIStatusBarStyleDarkContent;
				INFOPLIST_KEY_UISupportedInterfaceOrientations = UIInterfaceOrientationPortrait;
				INFOPLIST_KEY_UISupportedInterfaceOrientations_iPad = "UIInterfaceOrientationLandscapeLeft UIInterfaceOrientationLandscapeRight UIInterfaceOrientationPortrait UIInterfaceOrientationPortraitUpsideDown";
				IPHONEOS_DEPLOYMENT_TARGET = 16.0;
				LD_RUNPATH_SEARCH_PATHS = (
					"$(inherited)",
					"@executable_path/Frameworks",
				);
				MARKETING_VERSION = 1.0;
				PRODUCT_BUNDLE_IDENTIFIER = "stpimm.xyz.Student-List";
				PRODUCT_NAME = "$(TARGET_NAME)";
				SUPPORTED_PLATFORMS = "iphoneos iphonesimulator";
				SUPPORTS_MACCATALYST = NO;
				SUPPORTS_MAC_DESIGNED_FOR_IPHONE_IPAD = NO;
				SWIFT_EMIT_LOC_STRINGS = YES;
				SWIFT_VERSION = 5.0;
				TARGETED_DEVICE_FAMILY = 1;
			};
			name = Release;
		};
/* End XCBuildConfiguration section */

/* Begin XCConfigurationList section */
		901FB3F52B16231100EE8FFB /* Build configuration list for PBXProject "Student List" */ = {
			isa = XCConfigurationList;
			buildConfigurations = (
				901FB40C2B16231300EE8FFB /* Debug */,
				901FB40D2B16231300EE8FFB /* Release */,
			);
			defaultConfigurationIsVisible = 0;
			defaultConfigurationName = Release;
		};
		901FB40E2B16231300EE8FFB /* Build configuration list for PBXNativeTarget "Student List" */ = {
			isa = XCConfigurationList;
			buildConfigurations = (
				901FB40F2B16231300EE8FFB /* Debug */,
				901FB4102B16231300EE8FFB /* Release */,
			);
			defaultConfigurationIsVisible = 0;
			defaultConfigurationName = Release;
		};
/* End XCConfigurationList section */
	};
	rootObject = 901FB3F22B16231100EE8FFB /* Project object */;
}
